
Microsoft Visual Studio Solution File, Format Version 12.00
# Visual Studio Version 17
VisualStudioVersion = 17.10.35013.160
MinimumVisualStudioVersion = 10.0.40219.1
Project("{888888A0-9F3D-457C-B088-3A5042F75D52}") = "STS Ai", "STS Ai.pyproj", "{D872BD70-FEF0-4AF6-B690-F6305A041B68}"
EndProject
Global
	GlobalSection(SolutionConfigurationPlatforms) = preSolution
		Debug|Any CPU = Debug|Any CPU
		Release|Any CPU = Release|Any CPU
	EndGlobalSection
	GlobalSection(ProjectConfigurationPlatforms) = postSolution
		{D872BD70-FEF0-4AF6-B690-F6305A041B68}.Debug|Any CPU.ActiveCfg = Debug|Any CPU
		{D872BD70-FEF0-4AF6-B690-F6305A041B68}.Release|Any CPU.ActiveCfg = Release|Any CPU
	EndGlobalSection
	GlobalSection(SolutionProperties) = preSolution
		HideSolutionNode = FALSE
	EndGlobalSection
	GlobalSection(ExtensibilityGlobals) = postSolution
		SolutionGuid = {1B654906-62C6-4DE4-95A6-752835A788F4}
	EndGlobalSection
EndGlobal
